// !$*UTF8*$!
{
	archiveVersion = 1;
	classes = {
	};
	objectVersion = 46;
	objects = {

/* Begin PBXBuildFile section */
		E17EF15F13DDD1F70045CE0B /* Cocoa.framework in Frameworks */ = {isa = PBXBuildFile; fileRef = E17EF15E13DDD1F70045CE0B /* Cocoa.framework */; };
		E17EF16913DDD1F70045CE0B /* InfoPlist.strings in Resources */ = {isa = PBXBuildFile; fileRef = E17EF16713DDD1F70045CE0B /* InfoPlist.strings */; };
		E17EF16B13DDD1F70045CE0B /* main.m in Sources */ = {isa = PBXBuildFile; fileRef = E17EF16A13DDD1F70045CE0B /* main.m */; };
		E17EF16F13DDD1F70045CE0B /* Credits.rtf in Resources */ = {isa = PBXBuildFile; fileRef = E17EF16D13DDD1F70045CE0B /* Credits.rtf */; };
		E17EF17213DDD1F70045CE0B /* MacTestAppDelegate.m in Sources */ = {isa = PBXBuildFile; fileRef = E17EF17113DDD1F70045CE0B /* MacTestAppDelegate.m */; };
		E17EF17513DDD1F70045CE0B /* MainMenu.xib in Resources */ = {isa = PBXBuildFile; fileRef = E17EF17313DDD1F70045CE0B /* MainMenu.xib */; };
/* End PBXBuildFile section */

/* Begin PBXFileReference section */
		E17EF15A13DDD1F70045CE0B /* MacTest.app */ = {isa = PBXFileReference; explicitFileType = wrapper.application; includeInIndex = 0; path = MacTest.app; sourceTree = BUILT_PRODUCTS_DIR; };
		E17EF15E13DDD1F70045CE0B /* Cocoa.framework */ = {isa = PBXFileReference; lastKnownFileType = wrapper.framework; name = Cocoa.framework; path = System/Library/Frameworks/Cocoa.framework; sourceTree = SDKROOT; };
		E17EF16113DDD1F70045CE0B /* AppKit.framework */ = {isa = PBXFileReference; lastKnownFileType = wrapper.framework; name = AppKit.framework; path = System/Library/Frameworks/AppKit.framework; sourceTree = SDKROOT; };
		E17EF16213DDD1F70045CE0B /* CoreData.framework */ = {isa = PBXFileReference; lastKnownFileType = wrapper.framework; name = CoreData.framework; path = System/Library/Frameworks/CoreData.framework; sourceTree = SDKROOT; };
		E17EF16313DDD1F70045CE0B /* Foundation.framework */ = {isa = PBXFileReference; lastKnownFileType = wrapper.framework; name = Foundation.framework; path = System/Library/Frameworks/Foundation.framework; sourceTree = SDKROOT; };
		E17EF16613DDD1F70045CE0B /* MacTest-Info.plist */ = {isa = PBXFileReference; lastKnownFileType = text.plist.xml; path = "MacTest-Info.plist"; sourceTree = "<group>"; };
		E17EF16813DDD1F70045CE0B /* en */ = {isa = PBXFileReference; lastKnownFileType = text.plist.strings; name = en; path = en.lproj/InfoPlist.strings; sourceTree = "<group>"; };
		E17EF16A13DDD1F70045CE0B /* main.m */ = {isa = PBXFileReference; lastKnownFileType = sourcecode.c.objc; path = main.m; sourceTree = "<group>"; };
		E17EF16C13DDD1F70045CE0B /* MacTest-Prefix.pch */ = {isa = PBXFileReference; lastKnownFileType = sourcecode.c.h; path = "MacTest-Prefix.pch"; sourceTree = "<group>"; };
		E17EF16E13DDD1F70045CE0B /* en */ = {isa = PBXFileReference; lastKnownFileType = text.rtf; name = en; path = en.lproj/Credits.rtf; sourceTree = "<group>"; };
		E17EF17013DDD1F70045CE0B /* MacTestAppDelegate.h */ = {isa = PBXFileReference; lastKnownFileType = sourcecode.c.h; path = MacTestAppDelegate.h; sourceTree = "<group>"; };
		E17EF17113DDD1F70045CE0B /* MacTestAppDelegate.m */ = {isa = PBXFileReference; lastKnownFileType = sourcecode.c.objc; path = MacTestAppDelegate.m; sourceTree = "<group>"; };
		E17EF17413DDD1F70045CE0B /* en */ = {isa = PBXFileReference; lastKnownFileType = file.xib; name = en; path = en.lproj/MainMenu.xib; sourceTree = "<group>"; };
/* End PBXFileReference section */

/* Begin PBXFrameworksBuildPhase section */
		E17EF15713DDD1F70045CE0B /* Frameworks */ = {
			isa = PBXFrameworksBuildPhase;
			buildActionMask = 2147483647;
			files = (
				E17EF15F13DDD1F70045CE0B /* Cocoa.framework in Frameworks */,
			);
			runOnlyForDeploymentPostprocessing = 0;
		};
/* End PBXFrameworksBuildPhase section */

/* Begin PBXGroup section */
		E17EF14F13DDD1F70045CE0B = {
			isa = PBXGroup;
			children = (
				E17EF16413DDD1F70045CE0B /* MacTest */,
				E17EF15D13DDD1F70045CE0B /* Frameworks */,
				E17EF15B13DDD1F70045CE0B /* Products */,
			);
			sourceTree = "<group>";
		};
		E17EF15B13DDD1F70045CE0B /* Products */ = {
			isa = PBXGroup;
			children = (
				E17EF15A13DDD1F70045CE0B /* MacTest.app */,
			);
			name = Products;
			sourceTree = "<group>";
		};
		E17EF15D13DDD1F70045CE0B /* Frameworks */ = {
			isa = PBXGroup;
			children = (
				E17EF15E13DDD1F70045CE0B /* Cocoa.framework */,
				E17EF16013DDD1F70045CE0B /* Other Frameworks */,
			);
			name = Frameworks;
			sourceTree = "<group>";
		};
		E17EF16013DDD1F70045CE0B /* Other Frameworks */ = {
			isa = PBXGroup;
			children = (
				E17EF16113DDD1F70045CE0B /* AppKit.framework */,
				E17EF16213DDD1F70045CE0B /* CoreData.framework */,
				E17EF16313DDD1F70045CE0B /* Foundation.framework */,
			);
			name = "Other Frameworks";
			sourceTree = "<group>";
		};
		E17EF16413DDD1F70045CE0B /* MacTest */ = {
			isa = PBXGroup;
			children = (
				E17EF17013DDD1F70045CE0B /* MacTestAppDelegate.h */,
				E17EF17113DDD1F70045CE0B /* MacTestAppDelegate.m */,
				E17EF17313DDD1F70045CE0B /* MainMenu.xib */,
				E17EF16513DDD1F70045CE0B /* Supporting Files */,
			);
			path = MacTest;
			sourceTree = "<group>";
		};
		E17EF16513DDD1F70045CE0B /* Supporting Files */ = {
			isa = PBXGroup;
			children = (
				E17EF16613DDD1F70045CE0B /* MacTest-Info.plist */,
				E17EF16713DDD1F70045CE0B /* InfoPlist.strings */,
				E17EF16A13DDD1F70045CE0B /* main.m */,
				E17EF16C13DDD1F70045CE0B /* MacTest-Prefix.pch */,
				E17EF16D13DDD1F70045CE0B /* Credits.rtf */,
			);
			name = "Supporting Files";
			sourceTree = "<group>";
		};
/* End PBXGroup section */

/* Begin PBXNativeTarget section */
		E17EF15913DDD1F70045CE0B /* MacTest */ = {
			isa = PBXNativeTarget;
			buildConfigurationList = E17EF17813DDD1F70045CE0B /* Build configuration list for PBXNativeTarget "MacTest" */;
			buildPhases = (
				E17EF15613DDD1F70045CE0B /* Sources */,
				E17EF15713DDD1F70045CE0B /* Frameworks */,
				E17EF15813DDD1F70045CE0B /* Resources */,
			);
			buildRules = (
			);
			dependencies = (
			);
			name = MacTest;
			productName = MacTest;
			productReference = E17EF15A13DDD1F70045CE0B /* MacTest.app */;
			productType = "com.apple.product-type.application";
		};
/* End PBXNativeTarget section */

/* Begin PBXProject section */
		E17EF15113DDD1F70045CE0B /* Project object */ = {
			isa = PBXProject;
			attributes = {
				ORGANIZATIONNAME = "KonTechs Limited";
			};
			buildConfigurationList = E17EF15413DDD1F70045CE0B /* Build configuration list for PBXProject "MacTest" */;
			compatibilityVersion = "Xcode 3.2";
			developmentRegion = English;
			hasScannedForEncodings = 0;
			knownRegions = (
				en,
			);
			mainGroup = E17EF14F13DDD1F70045CE0B;
			productRefGroup = E17EF15B13DDD1F70045CE0B /* Products */;
			projectDirPath = "";
			projectRoot = "";
			targets = (
				E17EF15913DDD1F70045CE0B /* MacTest */,
			);
		};
/* End PBXProject section */

/* Begin PBXResourcesBuildPhase section */
		E17EF15813DDD1F70045CE0B /* Resources */ = {
			isa = PBXResourcesBuildPhase;
			buildActionMask = 2147483647;
			files = (
				E17EF16913DDD1F70045CE0B /* InfoPlist.strings in Resources */,
				E17EF16F13DDD1F70045CE0B /* Credits.rtf in Resources */,
				E17EF17513DDD1F70045CE0B /* MainMenu.xib in Resources */,
			);
			runOnlyForDeploymentPostprocessing = 0;
		};
/* End PBXResourcesBuildPhase section */

/* Begin PBXSourcesBuildPhase section */
		E17EF15613DDD1F70045CE0B /* Sources */ = {
			isa = PBXSourcesBuildPhase;
			buildActionMask = 2147483647;
			files = (
				E17EF16B13DDD1F70045CE0B /* main.m in Sources */,
				E17EF17213DDD1F70045CE0B /* MacTestAppDelegate.m in Sources */,
			);
			runOnlyForDeploymentPostprocessing = 0;
		};
/* End PBXSourcesBuildPhase section */

/* Begin PBXVariantGroup section */
		E17EF16713DDD1F70045CE0B /* InfoPlist.strings */ = {
			isa = PBXVariantGroup;
			children = (
				E17EF16813DDD1F70045CE0B /* en */,
			);
			name = InfoPlist.strings;
			sourceTree = "<group>";
		};
		E17EF16D13DDD1F70045CE0B /* Credits.rtf */ = {
			isa = PBXVariantGroup;
			children = (
				E17EF16E13DDD1F70045CE0B /* en */,
			);
			name = Credits.rtf;
			sourceTree = "<group>";
		};
		E17EF17313DDD1F70045CE0B /* MainMenu.xib */ = {
			isa = PBXVariantGroup;
			children = (
				E17EF17413DDD1F70045CE0B /* en */,
			);
			name = MainMenu.xib;
			sourceTree = "<group>";
		};
/* End PBXVariantGroup section */

/* Begin XCBuildConfiguration section */
		E17EF17613DDD1F70045CE0B /* Debug */ = {
			isa = XCBuildConfiguration;
			buildSettings = {
				ALWAYS_SEARCH_USER_PATHS = NO;
				ARCHS = "$(ARCHS_STANDARD_64_BIT)";
				COPY_PHASE_STRIP = NO;
				GCC_C_LANGUAGE_STANDARD = gnu99;
				GCC_DYNAMIC_NO_PIC = NO;
				GCC_ENABLE_OBJC_EXCEPTIONS = YES;
				GCC_OPTIMIZATION_LEVEL = 0;
				GCC_PREPROCESSOR_DEFINITIONS = (
					"DEBUG=1",
					"$(inherited)",
				);
				GCC_SYMBOLS_PRIVATE_EXTERN = NO;
				GCC_VERSION = com.apple.compilers.llvm.clang.1_0;
				GCC_WARN_64_TO_32_BIT_CONVERSION = YES;
				GCC_WARN_ABOUT_MISSING_PROTOTYPES = YES;
				GCC_WARN_ABOUT_RETURN_TYPE = YES;
				GCC_WARN_UNUSED_VARIABLE = YES;
				MACOSX_DEPLOYMENT_TARGET = 10.7;
				ONLY_ACTIVE_ARCH = YES;
				SDKROOT = macosx;
			};
			name = Debug;
		};
		E17EF17713DDD1F70045CE0B /* Release */ = {
			isa = XCBuildConfiguration;
			buildSettings = {
				ALWAYS_SEARCH_USER_PATHS = NO;
				ARCHS = "$(ARCHS_STANDARD_64_BIT)";
				COPY_PHASE_STRIP = YES;
				DEBUG_INFORMATION_FORMAT = "dwarf-with-dsym";
				GCC_C_LANGUAGE_STANDARD = gnu99;
				GCC_ENABLE_OBJC_EXCEPTIONS = YES;
				GCC_VERSION = com.apple.compilers.llvm.clang.1_0;
				GCC_WARN_64_TO_32_BIT_CONVERSION = YES;
				GCC_WARN_ABOUT_MISSING_PROTOTYPES = YES;
				GCC_WARN_ABOUT_RETURN_TYPE = YES;
				GCC_WARN_UNUSED_VARIABLE = YES;
				MACOSX_DEPLOYMENT_TARGET = 10.7;
				SDKROOT = macosx;
			};
			name = Release;
		};
		E17EF17913DDD1F70045CE0B /* Debug */ = {
			isa = XCBuildConfiguration;
			buildSettings = {
				GCC_PRECOMPILE_PREFIX_HEADER = YES;
				GCC_PREFIX_HEADER = "MacTest/MacTest-Prefix.pch";
				INFOPLIST_FILE = "MacTest/MacTest-Info.plist";
				PRODUCT_NAME = "$(TARGET_NAME)";
				WRAPPER_EXTENSION = app;
			};
			name = Debug;
		};
		E17EF17A13DDD1F70045CE0B /* Release */ = {
			isa = XCBuildConfiguration;
			buildSettings = {
				GCC_PRECOMPILE_PREFIX_HEADER = YES;
				GCC_PREFIX_HEADER = "MacTest/MacTest-Prefix.pch";
				INFOPLIST_FILE = "MacTest/MacTest-Info.plist";
				PRODUCT_NAME = "$(TARGET_NAME)";
				WRAPPER_EXTENSION = app;
			};
			name = Release;
		};
/* End XCBuildConfiguration section */

/* Begin XCConfigurationList section */
		E17EF15413DDD1F70045CE0B /* Build configuration list for PBXProject "MacTest" */ = {
			isa = XCConfigurationList;
			buildConfigurations = (
				E17EF17613DDD1F70045CE0B /* Debug */,
				E17EF17713DDD1F70045CE0B /* Release */,
			);
			defaultConfigurationIsVisible = 0;
			defaultConfigurationName = Release;
		};
		E17EF17813DDD1F70045CE0B /* Build configuration list for PBXNativeTarget "MacTest" */ = {
			isa = XCConfigurationList;
			buildConfigurations = (
				E17EF17913DDD1F70045CE0B /* Debug */,
				E17EF17A13DDD1F70045CE0B /* Release */,
			);
			defaultConfigurationIsVisible = 0;
		};
/* End XCConfigurationList section */
	};
	rootObject = E17EF15113DDD1F70045CE0B /* Project object */;
}
