// !$*UTF8*$!
{
	archiveVersion = 1;
	classes = {
	};
	objectVersion = 46;
	objects = {

/* Begin PBXBuildFile section */
		"0157E31F-44A8-942A-4A12-6749346A0556" /* lzio.c in Sources */ = {isa = PBXBuildFile; fileRef = "3CE7D445-7CC9-17D7-2732-31075BC62E63" /* lzio.c */; };
		"04D8DDBE-3E00-A618-396A-0EAB34C9080C" /* Ball.cpp in Sources */ = {isa = PBXBuildFile; fileRef = "02BC26F2-1A26-93D7-1274-8E4B0CA34925" /* Ball.cpp */; };
		"0D6521A7-087B-E316-003C-83F37E2E3614" /* lfunc.c in Sources */ = {isa = PBXBuildFile; fileRef = "1A100139-5159-6258-0A6F-539B4A141686" /* lfunc.c */; };
		"0E341674-40A0-7B15-4A2D-A0792A8198E1" /* UUID.cpp in Sources */ = {isa = PBXBuildFile; fileRef = "3DE1C6AA-224D-51AC-048C-A42A0EA472A0" /* UUID.cpp */; };
		"108F6A0C-3D5C-0DF4-356B-37290C1BF5C1" /* lstring.c in Sources */ = {isa = PBXBuildFile; fileRef = "20F7C8A4-785B-F5DA-06DB-86BB4F7F7D96" /* lstring.c */; };
		"13FBE2DE-3BF9-AAF4-38DE-D1BF6453654E" /* linit.c in Sources */ = {isa = PBXBuildFile; fileRef = "739B1C71-0C64-2A08-6A54-52845D903044" /* linit.c */; };
		"14BA2451-0FC9-1F50-6D8F-173E0A2AF20E" /* lvm.c in Sources */ = {isa = PBXBuildFile; fileRef = "6EA7A86E-1D20-8D98-55C4-7BA051AD483A" /* lvm.c */; };
		"15C0E252-7DEF-04D3-0C6F-876276B02547" /* liolib.c in Sources */ = {isa = PBXBuildFile; fileRef = "292C92AF-1A80-B4DD-3177-2F0E0376D7D2" /* liolib.c */; };
		"1A2E916B-110A-87DF-0452-2207765DCCC2" /* main.cpp in Sources */ = {isa = PBXBuildFile; fileRef = "50928BF7-3973-903D-7763-A0061373A72F" /* main.cpp */; };
		"1C6740A5-495A-70BB-10B9-3EC719E8716A" /* Project.cpp in Sources */ = {isa = PBXBuildFile; fileRef = "08CDB559-24F4-0087-3663-13FD5BA31C80" /* Project.cpp */; };
		"1DD89E13-0342-0911-295F-8B587F13E59C" /* Deployment in Resources */ = {isa = PBXBuildFile; fileRef = "4F7F11A6-26EE-468B-019E-C5650127AF79" /* Deployment */; };
		"1E633E21-53B1-E1A4-52CD-B23B70AAC0D7" /* ltable.c in Sources */ = {isa = PBXBuildFile; fileRef = "5CCE5DB8-5C74-0A66-4A18-F0930DEF0B95" /* ltable.c */; };
		"267D18B2-22C7-8D19-24FB-E1B43A577528" /* lmem.c in Sources */ = {isa = PBXBuildFile; fileRef = "30BC96AB-4A63-0977-1F9A-D74D23BBBBB6" /* lmem.c */; };
		"27AF38C7-27E3-65C6-33BF-DD02571B4CFA" /* u128.cpp in Sources */ = {isa = PBXBuildFile; fileRef = "3DA5A9E7-2CDC-A6C5-2573-DC306ECBCD4E" /* u128.cpp */; };
		"2A82C141-2CA0-B1EC-056C-381C32B8CFC1" /* Path.cpp in Sources */ = {isa = PBXBuildFile; fileRef = "77DE7D46-2592-0AB2-196A-29B73582FC11" /* Path.cpp */; };
		"2D87003A-4A51-09FC-222B-F7544BDAB499" /* lstate.c in Sources */ = {isa = PBXBuildFile; fileRef = "1DA76DAB-5A0A-0D53-0230-981E7B53735B" /* lstate.c */; };
		"2DB9A5B0-0DF8-68CE-6AD3-8D585AC38A01" /* ExporterTizen.cpp in Sources */ = {isa = PBXBuildFile; fileRef = "377E2F89-0B24-AE35-6B8B-770E1B7696E5" /* ExporterTizen.cpp */; };
		"2F64563F-71C3-99FC-2DAB-E21F7471BAE4" /* llex.c in Sources */ = {isa = PBXBuildFile; fileRef = "59649CD2-51BE-5D84-7037-FCE415631351" /* llex.c */; };
		"3146CD09-5925-C31A-015C-02B46498CCFE" /* ExporterEmscripten.cpp in Sources */ = {isa = PBXBuildFile; fileRef = "1B43703B-3B45-B17C-3C82-D77E3D904742" /* ExporterEmscripten.cpp */; };
		"3224DEC4-7C4D-D326-7425-7545706658B7" /* ldump.c in Sources */ = {isa = PBXBuildFile; fileRef = "5EF74C60-41CE-C568-364D-B93757236733" /* ldump.c */; };
		"364B3C78-5816-CD7D-6ED6-D6FB518D9FAE" /* lopcodes.c in Sources */ = {isa = PBXBuildFile; fileRef = "683E422A-3EA7-9B21-7946-286438668A0C" /* lopcodes.c */; };
		"371BF832-4DB0-F7BB-4246-F56707825247" /* Solution.cpp in Sources */ = {isa = PBXBuildFile; fileRef = "0273904D-3B1B-2F52-10CA-CC177833F4CB" /* Solution.cpp */; };
		"3AA48066-4B33-BA90-5A2E-0579102DDB10" /* ltablib.c in Sources */ = {isa = PBXBuildFile; fileRef = "6FD7E288-4A64-06E0-6AF9-85AE4C92C23B" /* ltablib.c */; };
		"3ADBB0E9-6E91-685D-6FFB-60C42C1A9B00" /* lcorolib.c in Sources */ = {isa = PBXBuildFile; fileRef = "374FE4A7-54D0-32DA-7183-E7A942ED8476" /* lcorolib.c */; };
		"3F06E49D-316A-44A2-5461-3FD017A5BFB6" /* lgc.c in Sources */ = {isa = PBXBuildFile; fileRef = "6BD54734-0C03-B08F-3AC8-CBEA3F989D2F" /* lgc.c */; };
		"3F32BB05-1C5A-F987-29A3-34C21F05C0FC" /* Reader.cpp in Sources */ = {isa = PBXBuildFile; fileRef = "17B4496B-5FC9-24FD-11BC-123572F22ADE" /* Reader.cpp */; };
		"3F897BE0-52E6-1A43-11E8-B22A1F86F954" /* ExporterAndroid.cpp in Sources */ = {isa = PBXBuildFile; fileRef = "667D296A-4469-696E-23AD-5EEF16813302" /* ExporterAndroid.cpp */; };
		"445997AE-6BC8-4E14-13E2-83040EB7BC58" /* ExporterVisualStudio.cpp in Sources */ = {isa = PBXBuildFile; fileRef = "5F463F2B-5C61-B3DC-488C-33EB0E2E8B55" /* ExporterVisualStudio.cpp */; };
		"45D57934-455E-F6A1-4AE9-D73E2E4EFC13" /* Exporter.cpp in Sources */ = {isa = PBXBuildFile; fileRef = "54F33FF9-2308-678B-1B5B-63A214D34758" /* Exporter.cpp */; };
		"45F3ACA9-7F57-290C-250D-1FCD1C1BC22E" /* icon.icns in Resources */ = {isa = PBXBuildFile; fileRef = "580C76B2-606C-0B2E-6312-5FB91A6EDDD3" /* icon.icns */; };
		"4C2DC44A-3658-72B0-2F06-DE5221DF05E2" /* lparser.c in Sources */ = {isa = PBXBuildFile; fileRef = "3CDD3977-5EC4-B934-0B33-E1F77AAB1FA0" /* lparser.c */; };
		"4DDCE13F-1A1F-58F2-2B6B-B67D714F2DB6" /* stb_image.cpp in Sources */ = {isa = PBXBuildFile; fileRef = "765F2CED-3B99-E5B3-76F1-BCE83D687B14" /* stb_image.cpp */; };
		"4E6A985B-2142-568F-3CBA-A702268A4D6C" /* Options.cpp in Sources */ = {isa = PBXBuildFile; fileRef = "4DCEF515-6841-7153-7C2F-07321F6FF90A" /* Options.cpp */; };
		"5138CB9C-0230-5E69-661E-65D812A67456" /* ExporterCodeBlocks.cpp in Sources */ = {isa = PBXBuildFile; fileRef = "7322A6FE-507D-8590-45BA-AAA338854AD4" /* ExporterCodeBlocks.cpp */; };
		"56309742-3FF2-F734-36F1-A3AD7C8DAEC7" /* lbaselib.c in Sources */ = {isa = PBXBuildFile; fileRef = "1E70D012-10D6-C473-0E3D-C6602193DF9D" /* lbaselib.c */; };
		"56471744-47E4-1FE1-7645-680C5D08217A" /* lmathlib.c in Sources */ = {isa = PBXBuildFile; fileRef = "20C8030C-46A3-6CE2-1FA3-0ED7027FD77A" /* lmathlib.c */; };
		"57AB696E-63D3-44F2-2F31-68713D8DD31A" /* ClCompile.cpp in Sources */ = {isa = PBXBuildFile; fileRef = "58A4E50F-1D4B-C76D-79AA-E8853FE0D776" /* ClCompile.cpp */; };
		"588535C1-581B-D0E9-371E-45D5208FE4DA" /* String.cpp in Sources */ = {isa = PBXBuildFile; fileRef = "2AE8A88F-6319-3E68-67D0-09A34761E5F9" /* String.cpp */; };
		"5A8CC565-4787-450C-3732-E68A526BE00B" /* loadlib.c in Sources */ = {isa = PBXBuildFile; fileRef = "1EDA3D36-0185-079C-4C22-9B7F06582E3B" /* loadlib.c */; };
		"5ACC4E81-433D-211C-6506-C25F7AF711A8" /* ldo.c in Sources */ = {isa = PBXBuildFile; fileRef = "5BEBBD48-1E31-72D9-06E6-6FFB6DC57F38" /* ldo.c */; };
		"61133B46-6073-3C3F-0C6F-03B26E654E45" /* ldebug.c in Sources */ = {isa = PBXBuildFile; fileRef = "179F2019-594C-40A0-532E-33844F2646F2" /* ldebug.c */; };
		"63329CFC-57EB-BD1F-3D2D-4EC14DEA7670" /* lbitlib.c in Sources */ = {isa = PBXBuildFile; fileRef = "3A58A0E9-521C-2792-6C54-8FA534C5EBF3" /* lbitlib.c */; };
		"63E09D17-6116-E526-2842-B63562825976" /* Random.cpp in Sources */ = {isa = PBXBuildFile; fileRef = "79A616E1-1A0F-DEE1-16B5-9E160C09DAD4" /* Random.cpp */; };
		"667E7488-3108-ECCC-7C5F-EB8F00300CB6" /* lobject.c in Sources */ = {isa = PBXBuildFile; fileRef = "5C4BB633-6B1A-C50B-3E71-DD1D1EF106FB" /* lobject.c */; };
		"66AE400F-501B-8114-3475-95991BE8ED22" /* Image.cpp in Sources */ = {isa = PBXBuildFile; fileRef = "527D987A-5EA3-E393-064E-36627182E083" /* Image.cpp */; };
		"6928FEC7-0848-F4C4-6FFD-E021757644DE" /* FileReader.cpp in Sources */ = {isa = PBXBuildFile; fileRef = "24764315-75CE-1FE4-4C5F-FACF406A240D" /* FileReader.cpp */; };
		"6C427E77-34C5-3A40-4118-B3371D9004FE" /* lauxlib.c in Sources */ = {isa = PBXBuildFile; fileRef = "45D19A80-2312-D1CC-5A93-C78722DECBFC" /* lauxlib.c */; };
		"6C85BFDE-1153-68A2-695A-F03301A16461" /* lapi.c in Sources */ = {isa = PBXBuildFile; fileRef = "7171A824-77F1-0CBC-1C54-584B23E637FC" /* lapi.c */; };
		"72EA507F-66AF-1CFB-3599-417F201B55CE" /* ExporterXCode.cpp in Sources */ = {isa = PBXBuildFile; fileRef = "2388EB99-59C9-D436-51B5-5B621939D726" /* ExporterXCode.cpp */; };
		"749663BF-3AC4-E91D-44D6-B892630811AE" /* lctype.c in Sources */ = {isa = PBXBuildFile; fileRef = "269E2D88-0800-4C6F-3FFD-345A737F3150" /* lctype.c */; };
		"7596A5FD-1811-F8BD-1310-11DA3E9994F5" /* lcode.c in Sources */ = {isa = PBXBuildFile; fileRef = "3FA00A67-6529-6684-5D78-323031AE367D" /* lcode.c */; };
		"76CF3EA7-4532-1D4F-6EF4-67470A9900F6" /* ldblib.c in Sources */ = {isa = PBXBuildFile; fileRef = "7B45D3D3-29CE-E4BC-327C-407E0E5C7276" /* ldblib.c */; };
		"775B15B0-52B9-9C19-7B5C-4BCA47545153" /* ltm.c in Sources */ = {isa = PBXBuildFile; fileRef = "3642682C-7455-32E7-1B90-A1CC46A4B068" /* ltm.c */; };
		"77692EB6-5F34-F260-1946-643D045062FB" /* loslib.c in Sources */ = {isa = PBXBuildFile; fileRef = "73D48ACD-17A5-0EFF-1096-6E9C7C6DFEAE" /* loslib.c */; };
		"7966DAB3-18C0-8FF9-543C-F84525DDA0A7" /* lstrlib.c in Sources */ = {isa = PBXBuildFile; fileRef = "2616205B-2351-8B0A-0ACD-B0E87CB2EF82" /* lstrlib.c */; };
		"7A528805-33CA-A71D-55B0-300903A9E1AA" /* Files.cpp in Sources */ = {isa = PBXBuildFile; fileRef = "47AA770F-43FE-F1ED-7504-ACDC19F1DB14" /* Files.cpp */; };
		"7FB5B079-059D-CB43-25EC-12CA1AC955E1" /* lundump.c in Sources */ = {isa = PBXBuildFile; fileRef = "5651D7E5-2A76-5349-2515-AE1B2EB9898C" /* lundump.c */; };
/* End PBXBuildFile section */

/* Begin PBXFileReference section */
		"0079C657-311B-09E2-76A7-04EB480B999F" /* mac.plist */ = {isa = PBXFileReference; lastKnownFileType = text.plist.xml; name = mac.plist; path = /Users/robert/Projekte/kake/Sources/mac.plist; sourceTree = "<group>"; };
		"0273904D-3B1B-2F52-10CA-CC177833F4CB" /* Solution.cpp */ = {isa = PBXFileReference; lastKnownFileType = sourcecode.c.cpp; name = Solution.cpp; path = /Users/robert/Projekte/kake/Sources/Solution.cpp; sourceTree = "<group>"; };
		"02BC26F2-1A26-93D7-1274-8E4B0CA34925" /* Ball.cpp */ = {isa = PBXFileReference; lastKnownFileType = sourcecode.c.cpp; name = Ball.cpp; path = /Users/robert/Projekte/kake/Sources/Ball.cpp; sourceTree = "<group>"; };
		"08CDB559-24F4-0087-3663-13FD5BA31C80" /* Project.cpp */ = {isa = PBXFileReference; lastKnownFileType = sourcecode.c.cpp; name = Project.cpp; path = /Users/robert/Projekte/kake/Sources/Project.cpp; sourceTree = "<group>"; };
		"08F420F8-48A7-8A32-2A5B-0E4D0A424E65" /* String.h */ = {isa = PBXFileReference; lastKnownFileType = sourcecode.c.h; name = String.h; path = /Users/robert/Projekte/kake/Sources/String.h; sourceTree = "<group>"; };
		"179F2019-594C-40A0-532E-33844F2646F2" /* ldebug.c */ = {isa = PBXFileReference; lastKnownFileType = sourcecode.c.c; name = ldebug.c; path = /Users/robert/Projekte/kake/lua/ldebug.c; sourceTree = "<group>"; };
		"17B4496B-5FC9-24FD-11BC-123572F22ADE" /* Reader.cpp */ = {isa = PBXFileReference; lastKnownFileType = sourcecode.c.cpp; name = Reader.cpp; path = /Users/robert/Projekte/kake/kmdlib/Reader.cpp; sourceTree = "<group>"; };
		"1A100139-5159-6258-0A6F-539B4A141686" /* lfunc.c */ = {isa = PBXFileReference; lastKnownFileType = sourcecode.c.c; name = lfunc.c; path = /Users/robert/Projekte/kake/lua/lfunc.c; sourceTree = "<group>"; };
		"1B43703B-3B45-B17C-3C82-D77E3D904742" /* ExporterEmscripten.cpp */ = {isa = PBXFileReference; lastKnownFileType = sourcecode.c.cpp; name = ExporterEmscripten.cpp; path = /Users/robert/Projekte/kake/Sources/ExporterEmscripten.cpp; sourceTree = "<group>"; };
		"1DA76DAB-5A0A-0D53-0230-981E7B53735B" /* lstate.c */ = {isa = PBXFileReference; lastKnownFileType = sourcecode.c.c; name = lstate.c; path = /Users/robert/Projekte/kake/lua/lstate.c; sourceTree = "<group>"; };
		"1E70D012-10D6-C473-0E3D-C6602193DF9D" /* lbaselib.c */ = {isa = PBXFileReference; lastKnownFileType = sourcecode.c.c; name = lbaselib.c; path = /Users/robert/Projekte/kake/lua/lbaselib.c; sourceTree = "<group>"; };
		"1EDA3D36-0185-079C-4C22-9B7F06582E3B" /* loadlib.c */ = {isa = PBXFileReference; lastKnownFileType = sourcecode.c.c; name = loadlib.c; path = /Users/robert/Projekte/kake/lua/loadlib.c; sourceTree = "<group>"; };
		"20C8030C-46A3-6CE2-1FA3-0ED7027FD77A" /* lmathlib.c */ = {isa = PBXFileReference; lastKnownFileType = sourcecode.c.c; name = lmathlib.c; path = /Users/robert/Projekte/kake/lua/lmathlib.c; sourceTree = "<group>"; };
		"20F7C8A4-785B-F5DA-06DB-86BB4F7F7D96" /* lstring.c */ = {isa = PBXFileReference; lastKnownFileType = sourcecode.c.c; name = lstring.c; path = /Users/robert/Projekte/kake/lua/lstring.c; sourceTree = "<group>"; };
		"2388EB99-59C9-D436-51B5-5B621939D726" /* ExporterXCode.cpp */ = {isa = PBXFileReference; lastKnownFileType = sourcecode.c.cpp; name = ExporterXCode.cpp; path = /Users/robert/Projekte/kake/Sources/ExporterXCode.cpp; sourceTree = "<group>"; };
		"24764315-75CE-1FE4-4C5F-FACF406A240D" /* FileReader.cpp */ = {isa = PBXFileReference; lastKnownFileType = sourcecode.c.cpp; name = FileReader.cpp; path = /Users/robert/Projekte/kake/kmdlib/FileReader.cpp; sourceTree = "<group>"; };
		"249F3FDA-79C7-CD5A-10D4-522B70F82D7D" /* ExporterVisualStudio.h */ = {isa = PBXFileReference; lastKnownFileType = sourcecode.c.h; name = ExporterVisualStudio.h; path = /Users/robert/Projekte/kake/Sources/ExporterVisualStudio.h; sourceTree = "<group>"; };
		"25661A7C-06CB-DC1B-23C3-083740ABB950" /* Reader.h */ = {isa = PBXFileReference; lastKnownFileType = sourcecode.c.h; name = Reader.h; path = /Users/robert/Projekte/kake/kmdlib/Reader.h; sourceTree = "<group>"; };
		"2616205B-2351-8B0A-0ACD-B0E87CB2EF82" /* lstrlib.c */ = {isa = PBXFileReference; lastKnownFileType = sourcecode.c.c; name = lstrlib.c; path = /Users/robert/Projekte/kake/lua/lstrlib.c; sourceTree = "<group>"; };
		"269E2D88-0800-4C6F-3FFD-345A737F3150" /* lctype.c */ = {isa = PBXFileReference; lastKnownFileType = sourcecode.c.c; name = lctype.c; path = /Users/robert/Projekte/kake/lua/lctype.c; sourceTree = "<group>"; };
		"292C92AF-1A80-B4DD-3177-2F0E0376D7D2" /* liolib.c */ = {isa = PBXFileReference; lastKnownFileType = sourcecode.c.c; name = liolib.c; path = /Users/robert/Projekte/kake/lua/liolib.c; sourceTree = "<group>"; };
		"297F011C-6A2C-24DC-5994-DD556D3A4C53" /* stb_image.h */ = {isa = PBXFileReference; lastKnownFileType = sourcecode.c.h; name = stb_image.h; path = /Users/robert/Projekte/kake/kmdlib/stb_image.h; sourceTree = "<group>"; };
		"2AE8A88F-6319-3E68-67D0-09A34761E5F9" /* String.cpp */ = {isa = PBXFileReference; lastKnownFileType = sourcecode.c.cpp; name = String.cpp; path = /Users/robert/Projekte/kake/Sources/String.cpp; sourceTree = "<group>"; };
		"2C3E4AA1-2D93-609C-6D7F-2DC70F8DEE9A" /* hexball.h */ = {isa = PBXFileReference; lastKnownFileType = sourcecode.c.h; name = hexball.h; path = /Users/robert/Projekte/kake/Sources/hexball.h; sourceTree = "<group>"; };
		"30BC96AB-4A63-0977-1F9A-D74D23BBBBB6" /* lmem.c */ = {isa = PBXFileReference; lastKnownFileType = sourcecode.c.c; name = lmem.c; path = /Users/robert/Projekte/kake/lua/lmem.c; sourceTree = "<group>"; };
		"332F50CE-3C0F-2BA0-4F5E-FFCD363A2930" /* ClCompile.h */ = {isa = PBXFileReference; lastKnownFileType = sourcecode.c.h; name = ClCompile.h; path = /Users/robert/Projekte/kake/Sources/ClCompile.h; sourceTree = "<group>"; };
		"3642682C-7455-32E7-1B90-A1CC46A4B068" /* ltm.c */ = {isa = PBXFileReference; lastKnownFileType = sourcecode.c.c; name = ltm.c; path = /Users/robert/Projekte/kake/lua/ltm.c; sourceTree = "<group>"; };
		"36FD8FB6-3E9E-853D-34D7-0E5226B4FE80" /* Options.h */ = {isa = PBXFileReference; lastKnownFileType = sourcecode.c.h; name = Options.h; path = /Users/robert/Projekte/kake/Sources/Options.h; sourceTree = "<group>"; };
		"374FE4A7-54D0-32DA-7183-E7A942ED8476" /* lcorolib.c */ = {isa = PBXFileReference; lastKnownFileType = sourcecode.c.c; name = lcorolib.c; path = /Users/robert/Projekte/kake/lua/lcorolib.c; sourceTree = "<group>"; };
		"377E2F89-0B24-AE35-6B8B-770E1B7696E5" /* ExporterTizen.cpp */ = {isa = PBXFileReference; lastKnownFileType = sourcecode.c.cpp; name = ExporterTizen.cpp; path = /Users/robert/Projekte/kake/Sources/ExporterTizen.cpp; sourceTree = "<group>"; };
		"3A58A0E9-521C-2792-6C54-8FA534C5EBF3" /* lbitlib.c */ = {isa = PBXFileReference; lastKnownFileType = sourcecode.c.c; name = lbitlib.c; path = /Users/robert/Projekte/kake/lua/lbitlib.c; sourceTree = "<group>"; };
		"3BE86B3F-2C99-C906-19D9-66C71A99D09E" /* Path.h */ = {isa = PBXFileReference; lastKnownFileType = sourcecode.c.h; name = Path.h; path = /Users/robert/Projekte/kake/Sources/Path.h; sourceTree = "<group>"; };
		"3CDD3977-5EC4-B934-0B33-E1F77AAB1FA0" /* lparser.c */ = {isa = PBXFileReference; lastKnownFileType = sourcecode.c.c; name = lparser.c; path = /Users/robert/Projekte/kake/lua/lparser.c; sourceTree = "<group>"; };
		"3CE7D445-7CC9-17D7-2732-31075BC62E63" /* lzio.c */ = {isa = PBXFileReference; lastKnownFileType = sourcecode.c.c; name = lzio.c; path = /Users/robert/Projekte/kake/lua/lzio.c; sourceTree = "<group>"; };
		"3CEC1C94-0BE4-3960-4BD5-52847AAAC2D5" /* Solution.h */ = {isa = PBXFileReference; lastKnownFileType = sourcecode.c.h; name = Solution.h; path = /Users/robert/Projekte/kake/Sources/Solution.h; sourceTree = "<group>"; };
		"3D2EDAE3-57D9-9F9A-138D-02C717A2553B" /* Image.h */ = {isa = PBXFileReference; lastKnownFileType = sourcecode.c.h; name = Image.h; path = /Users/robert/Projekte/kake/Sources/Image.h; sourceTree = "<group>"; };
		"3DA5A9E7-2CDC-A6C5-2573-DC306ECBCD4E" /* u128.cpp */ = {isa = PBXFileReference; lastKnownFileType = sourcecode.c.cpp; name = u128.cpp; path = /Users/robert/Projekte/kake/Sources/u128.cpp; sourceTree = "<group>"; };
		"3DC5C41E-0387-2444-164C-55B36C4D3110" /* Random.h */ = {isa = PBXFileReference; lastKnownFileType = sourcecode.c.h; name = Random.h; path = /Users/robert/Projekte/kake/Sources/Random.h; sourceTree = "<group>"; };
		"3DE1C6AA-224D-51AC-048C-A42A0EA472A0" /* UUID.cpp */ = {isa = PBXFileReference; lastKnownFileType = sourcecode.c.cpp; name = UUID.cpp; path = /Users/robert/Projekte/kake/Sources/UUID.cpp; sourceTree = "<group>"; };
		"3FA00A67-6529-6684-5D78-323031AE367D" /* lcode.c */ = {isa = PBXFileReference; lastKnownFileType = sourcecode.c.c; name = lcode.c; path = /Users/robert/Projekte/kake/lua/lcode.c; sourceTree = "<group>"; };
		"3FD3B34A-51A0-406F-75AB-5AB26784026A" /* u128.h */ = {isa = PBXFileReference; lastKnownFileType = sourcecode.c.h; name = u128.h; path = /Users/robert/Projekte/kake/Sources/u128.h; sourceTree = "<group>"; };
		"40FEE62F-4B70-01F4-703A-630C07654B07" /* .DS_Store */ = {isa = PBXFileReference; lastKnownFileType = unknown; name = .DS_Store; path = /Users/robert/Projekte/kake/Sources/.DS_Store; sourceTree = "<group>"; };
		"42393EFF-4298-1877-7C43-FBD00E344207" /* Project.h */ = {isa = PBXFileReference; lastKnownFileType = sourcecode.c.h; name = Project.h; path = /Users/robert/Projekte/kake/Sources/Project.h; sourceTree = "<group>"; };
		"44DDD287-50DB-09C5-6D35-39D2299318BF" /* ExporterEmscripten.h */ = {isa = PBXFileReference; lastKnownFileType = sourcecode.c.h; name = ExporterEmscripten.h; path = /Users/robert/Projekte/kake/Sources/ExporterEmscripten.h; sourceTree = "<group>"; };
		"45D19A80-2312-D1CC-5A93-C78722DECBFC" /* lauxlib.c */ = {isa = PBXFileReference; lastKnownFileType = sourcecode.c.c; name = lauxlib.c; path = /Users/robert/Projekte/kake/lua/lauxlib.c; sourceTree = "<group>"; };
		"45F5AD6F-5995-FDA0-33C4-05CC63FCFE85" /* ExporterAndroid.h */ = {isa = PBXFileReference; lastKnownFileType = sourcecode.c.h; name = ExporterAndroid.h; path = /Users/robert/Projekte/kake/Sources/ExporterAndroid.h; sourceTree = "<group>"; };
		"47AA770F-43FE-F1ED-7504-ACDC19F1DB14" /* Files.cpp */ = {isa = PBXFileReference; lastKnownFileType = sourcecode.c.cpp; name = Files.cpp; path = /Users/robert/Projekte/kake/Sources/Files.cpp; sourceTree = "<group>"; };
		"4931322F-7996-18C1-503F-B1375EF929CF" /* kake */ = {isa = PBXFileReference; explicitFileType = "compiled.mach-o.executable"; includeInIndex = 0; path = kake; sourceTree = BUILT_PRODUCTS_DIR; };
		"4941B289-4032-21D2-62AD-DFE031A84C66" /* Platform.h */ = {isa = PBXFileReference; lastKnownFileType = sourcecode.c.h; name = Platform.h; path = /Users/robert/Projekte/kake/Sources/Platform.h; sourceTree = "<group>"; };
		"49C46BA4-21BE-68BF-1840-A0760DF04006" /* UUID.h */ = {isa = PBXFileReference; lastKnownFileType = sourcecode.c.h; name = UUID.h; path = /Users/robert/Projekte/kake/Sources/UUID.h; sourceTree = "<group>"; };
		"4DCEF515-6841-7153-7C2F-07321F6FF90A" /* Options.cpp */ = {isa = PBXFileReference; lastKnownFileType = sourcecode.c.cpp; name = Options.cpp; path = /Users/robert/Projekte/kake/Sources/Options.cpp; sourceTree = "<group>"; };
		"4F7F11A6-26EE-468B-019E-C5650127AF79" /* Deployment */ = {isa = PBXFileReference; lastKnownFileType = folder; name = Deployment; path = /Users/robert/Projekte/kake; sourceTree = "<group>"; };
		"4F7F8105-23F9-484E-0890-9DC9529FCE4B" /* Exporter.h */ = {isa = PBXFileReference; lastKnownFileType = sourcecode.c.h; name = Exporter.h; path = /Users/robert/Projekte/kake/Sources/Exporter.h; sourceTree = "<group>"; };
		"50928BF7-3973-903D-7763-A0061373A72F" /* main.cpp */ = {isa = PBXFileReference; lastKnownFileType = sourcecode.c.cpp; name = main.cpp; path = /Users/robert/Projekte/kake/Sources/main.cpp; sourceTree = "<group>"; };
		"5106DB47-7CAF-7301-4D8D-AD06714322D8" /* Files.h */ = {isa = PBXFileReference; lastKnownFileType = sourcecode.c.h; name = Files.h; path = /Users/robert/Projekte/kake/Sources/Files.h; sourceTree = "<group>"; };
		"527D987A-5EA3-E393-064E-36627182E083" /* Image.cpp */ = {isa = PBXFileReference; lastKnownFileType = sourcecode.c.cpp; name = Image.cpp; path = /Users/robert/Projekte/kake/Sources/Image.cpp; sourceTree = "<group>"; };
		"54F33FF9-2308-678B-1B5B-63A214D34758" /* Exporter.cpp */ = {isa = PBXFileReference; lastKnownFileType = sourcecode.c.cpp; name = Exporter.cpp; path = /Users/robert/Projekte/kake/Sources/Exporter.cpp; sourceTree = "<group>"; };
		"555A9B78-4153-C7F6-7880-2E785FDF2424" /* ExporterTizen.h */ = {isa = PBXFileReference; lastKnownFileType = sourcecode.c.h; name = ExporterTizen.h; path = /Users/robert/Projekte/kake/Sources/ExporterTizen.h; sourceTree = "<group>"; };
		"5651D7E5-2A76-5349-2515-AE1B2EB9898C" /* lundump.c */ = {isa = PBXFileReference; lastKnownFileType = sourcecode.c.c; name = lundump.c; path = /Users/robert/Projekte/kake/lua/lundump.c; sourceTree = "<group>"; };
		"580C76B2-606C-0B2E-6312-5FB91A6EDDD3" /* icon.icns */ = {isa = PBXFileReference; lastKnownFileType = image.icns; path = icon.icns; sourceTree = "<group>"; };
		"58A4E50F-1D4B-C76D-79AA-E8853FE0D776" /* ClCompile.cpp */ = {isa = PBXFileReference; lastKnownFileType = sourcecode.c.cpp; name = ClCompile.cpp; path = /Users/robert/Projekte/kake/Sources/ClCompile.cpp; sourceTree = "<group>"; };
		"59649CD2-51BE-5D84-7037-FCE415631351" /* llex.c */ = {isa = PBXFileReference; lastKnownFileType = sourcecode.c.c; name = llex.c; path = /Users/robert/Projekte/kake/lua/llex.c; sourceTree = "<group>"; };
		"5BEBBD48-1E31-72D9-06E6-6FFB6DC57F38" /* ldo.c */ = {isa = PBXFileReference; lastKnownFileType = sourcecode.c.c; name = ldo.c; path = /Users/robert/Projekte/kake/lua/ldo.c; sourceTree = "<group>"; };
		"5C2B73F9-1C63-1EC1-1C12-AC7E04A88A6D" /* ByteStream.h */ = {isa = PBXFileReference; lastKnownFileType = sourcecode.c.h; name = ByteStream.h; path = /Users/robert/Projekte/kake/Sources/ByteStream.h; sourceTree = "<group>"; };
		"5C4BB633-6B1A-C50B-3E71-DD1D1EF106FB" /* lobject.c */ = {isa = PBXFileReference; lastKnownFileType = sourcecode.c.c; name = lobject.c; path = /Users/robert/Projekte/kake/lua/lobject.c; sourceTree = "<group>"; };
		"5CCE5DB8-5C74-0A66-4A18-F0930DEF0B95" /* ltable.c */ = {isa = PBXFileReference; lastKnownFileType = sourcecode.c.c; name = ltable.c; path = /Users/robert/Projekte/kake/lua/ltable.c; sourceTree = "<group>"; };
		"5EF74C60-41CE-C568-364D-B93757236733" /* ldump.c */ = {isa = PBXFileReference; lastKnownFileType = sourcecode.c.c; name = ldump.c; path = /Users/robert/Projekte/kake/lua/ldump.c; sourceTree = "<group>"; };
		"5F463F2B-5C61-B3DC-488C-33EB0E2E8B55" /* ExporterVisualStudio.cpp */ = {isa = PBXFileReference; lastKnownFileType = sourcecode.c.cpp; name = ExporterVisualStudio.cpp; path = /Users/robert/Projekte/kake/Sources/ExporterVisualStudio.cpp; sourceTree = "<group>"; };
		"5FBFCCF6-60BD-AD63-37EC-AB8841A8E5D6" /* FileReader.h */ = {isa = PBXFileReference; lastKnownFileType = sourcecode.c.h; name = FileReader.h; path = /Users/robert/Projekte/kake/kmdlib/FileReader.h; sourceTree = "<group>"; };
		"6414801C-417C-7A76-2036-869F0FC4F3F6" /* ExporterXCode.h */ = {isa = PBXFileReference; lastKnownFileType = sourcecode.c.h; name = ExporterXCode.h; path = /Users/robert/Projekte/kake/Sources/ExporterXCode.h; sourceTree = "<group>"; };
		"667D296A-4469-696E-23AD-5EEF16813302" /* ExporterAndroid.cpp */ = {isa = PBXFileReference; lastKnownFileType = sourcecode.c.cpp; name = ExporterAndroid.cpp; path = /Users/robert/Projekte/kake/Sources/ExporterAndroid.cpp; sourceTree = "<group>"; };
		"683E422A-3EA7-9B21-7946-286438668A0C" /* lopcodes.c */ = {isa = PBXFileReference; lastKnownFileType = sourcecode.c.c; name = lopcodes.c; path = /Users/robert/Projekte/kake/lua/lopcodes.c; sourceTree = "<group>"; };
		"68DBA70C-3C99-AE83-036E-57D52530A3CC" /* Ball.h */ = {isa = PBXFileReference; lastKnownFileType = sourcecode.c.h; name = Ball.h; path = /Users/robert/Projekte/kake/Sources/Ball.h; sourceTree = "<group>"; };
		"6BD54734-0C03-B08F-3AC8-CBEA3F989D2F" /* lgc.c */ = {isa = PBXFileReference; lastKnownFileType = sourcecode.c.c; name = lgc.c; path = /Users/robert/Projekte/kake/lua/lgc.c; sourceTree = "<group>"; };
		"6DA31E35-49BD-04BA-1859-3F2178A47F89" /* Block.h */ = {isa = PBXFileReference; lastKnownFileType = sourcecode.c.h; name = Block.h; path = /Users/robert/Projekte/kake/Sources/Block.h; sourceTree = "<group>"; };
		"6EA7A86E-1D20-8D98-55C4-7BA051AD483A" /* lvm.c */ = {isa = PBXFileReference; lastKnownFileType = sourcecode.c.c; name = lvm.c; path = /Users/robert/Projekte/kake/lua/lvm.c; sourceTree = "<group>"; };
		"6FD7E288-4A64-06E0-6AF9-85AE4C92C23B" /* ltablib.c */ = {isa = PBXFileReference; lastKnownFileType = sourcecode.c.c; name = ltablib.c; path = /Users/robert/Projekte/kake/lua/ltablib.c; sourceTree = "<group>"; };
		"7171A824-77F1-0CBC-1C54-584B23E637FC" /* lapi.c */ = {isa = PBXFileReference; lastKnownFileType = sourcecode.c.c; name = lapi.c; path = /Users/robert/Projekte/kake/lua/lapi.c; sourceTree = "<group>"; };
		"7322A6FE-507D-8590-45BA-AAA338854AD4" /* ExporterCodeBlocks.cpp */ = {isa = PBXFileReference; lastKnownFileType = sourcecode.c.cpp; name = ExporterCodeBlocks.cpp; path = /Users/robert/Projekte/kake/Sources/ExporterCodeBlocks.cpp; sourceTree = "<group>"; };
		"7369280B-1BE6-EE81-7BA0-23DC34926F86" /* ExporterCodeBlocks.h */ = {isa = PBXFileReference; lastKnownFileType = sourcecode.c.h; name = ExporterCodeBlocks.h; path = /Users/robert/Projekte/kake/Sources/ExporterCodeBlocks.h; sourceTree = "<group>"; };
		"739B1C71-0C64-2A08-6A54-52845D903044" /* linit.c */ = {isa = PBXFileReference; lastKnownFileType = sourcecode.c.c; name = linit.c; path = /Users/robert/Projekte/kake/lua/linit.c; sourceTree = "<group>"; };
		"73D48ACD-17A5-0EFF-1096-6E9C7C6DFEAE" /* loslib.c */ = {isa = PBXFileReference; lastKnownFileType = sourcecode.c.c; name = loslib.c; path = /Users/robert/Projekte/kake/lua/loslib.c; sourceTree = "<group>"; };
		"765F2CED-3B99-E5B3-76F1-BCE83D687B14" /* stb_image.cpp */ = {isa = PBXFileReference; lastKnownFileType = sourcecode.c.cpp; name = stb_image.cpp; path = /Users/robert/Projekte/kake/kmdlib/stb_image.cpp; sourceTree = "<group>"; };
		"77DE7D46-2592-0AB2-196A-29B73582FC11" /* Path.cpp */ = {isa = PBXFileReference; lastKnownFileType = sourcecode.c.cpp; name = Path.cpp; path = /Users/robert/Projekte/kake/Sources/Path.cpp; sourceTree = "<group>"; };
		"79A616E1-1A0F-DEE1-16B5-9E160C09DAD4" /* Random.cpp */ = {isa = PBXFileReference; lastKnownFileType = sourcecode.c.cpp; name = Random.cpp; path = /Users/robert/Projekte/kake/Sources/Random.cpp; sourceTree = "<group>"; };
		"7B45D3D3-29CE-E4BC-327C-407E0E5C7276" /* ldblib.c */ = {isa = PBXFileReference; lastKnownFileType = sourcecode.c.c; name = ldblib.c; path = /Users/robert/Projekte/kake/lua/ldblib.c; sourceTree = "<group>"; };
		"7E738EC7-4BC5-0FAB-4368-88840E9CB462" /* stb_image_write.h */ = {isa = PBXFileReference; lastKnownFileType = sourcecode.c.h; name = stb_image_write.h; path = /Users/robert/Projekte/kake/kmdlib/stb_image_write.h; sourceTree = "<group>"; };
/* End PBXFileReference section */

/* Begin PBXFrameworksBuildPhase section */
		"0CEEAA16-2978-227A-2506-FFDE7DA2DB18" /* Frameworks */ = {
			isa = PBXFrameworksBuildPhase;
			buildActionMask = 2147483647;
			files = (
			);
			runOnlyForDeploymentPostprocessing = 0;
		};
/* End PBXFrameworksBuildPhase section */

/* Begin PBXGroup section */
		"03AE839E-49AE-7A43-665A-23F54249694C" /* kake */ = {
			isa = PBXGroup;
			children = (
				"217D08A4-13DC-36EC-68CE-3C301D2DE781" /* kmdlib */,
				"3B693BB2-6945-3358-29FD-3BFC57ABA966" /* lua */,
				"0A21D294-2759-AEF0-002D-C17D64A18DE4" /* Sources */,
			);
			name = kake;
			path = ../;
			sourceTree = "<group>";
		};
		"0A21D294-2759-AEF0-002D-C17D64A18DE4" /* Sources */ = {
			isa = PBXGroup;
			children = (
				"40FEE62F-4B70-01F4-703A-630C07654B07" /* .DS_Store */,
				"02BC26F2-1A26-93D7-1274-8E4B0CA34925" /* Ball.cpp */,
				"68DBA70C-3C99-AE83-036E-57D52530A3CC" /* Ball.h */,
				"6DA31E35-49BD-04BA-1859-3F2178A47F89" /* Block.h */,
				"5C2B73F9-1C63-1EC1-1C12-AC7E04A88A6D" /* ByteStream.h */,
				"58A4E50F-1D4B-C76D-79AA-E8853FE0D776" /* ClCompile.cpp */,
				"332F50CE-3C0F-2BA0-4F5E-FFCD363A2930" /* ClCompile.h */,
				"54F33FF9-2308-678B-1B5B-63A214D34758" /* Exporter.cpp */,
				"4F7F8105-23F9-484E-0890-9DC9529FCE4B" /* Exporter.h */,
				"667D296A-4469-696E-23AD-5EEF16813302" /* ExporterAndroid.cpp */,
				"45F5AD6F-5995-FDA0-33C4-05CC63FCFE85" /* ExporterAndroid.h */,
				"7322A6FE-507D-8590-45BA-AAA338854AD4" /* ExporterCodeBlocks.cpp */,
				"7369280B-1BE6-EE81-7BA0-23DC34926F86" /* ExporterCodeBlocks.h */,
				"1B43703B-3B45-B17C-3C82-D77E3D904742" /* ExporterEmscripten.cpp */,
				"44DDD287-50DB-09C5-6D35-39D2299318BF" /* ExporterEmscripten.h */,
				"377E2F89-0B24-AE35-6B8B-770E1B7696E5" /* ExporterTizen.cpp */,
				"555A9B78-4153-C7F6-7880-2E785FDF2424" /* ExporterTizen.h */,
				"5F463F2B-5C61-B3DC-488C-33EB0E2E8B55" /* ExporterVisualStudio.cpp */,
				"249F3FDA-79C7-CD5A-10D4-522B70F82D7D" /* ExporterVisualStudio.h */,
				"2388EB99-59C9-D436-51B5-5B621939D726" /* ExporterXCode.cpp */,
				"6414801C-417C-7A76-2036-869F0FC4F3F6" /* ExporterXCode.h */,
				"47AA770F-43FE-F1ED-7504-ACDC19F1DB14" /* Files.cpp */,
				"5106DB47-7CAF-7301-4D8D-AD06714322D8" /* Files.h */,
				"2C3E4AA1-2D93-609C-6D7F-2DC70F8DEE9A" /* hexball.h */,
				"527D987A-5EA3-E393-064E-36627182E083" /* Image.cpp */,
				"3D2EDAE3-57D9-9F9A-138D-02C717A2553B" /* Image.h */,
				"0079C657-311B-09E2-76A7-04EB480B999F" /* mac.plist */,
				"50928BF7-3973-903D-7763-A0061373A72F" /* main.cpp */,
				"4DCEF515-6841-7153-7C2F-07321F6FF90A" /* Options.cpp */,
				"36FD8FB6-3E9E-853D-34D7-0E5226B4FE80" /* Options.h */,
				"77DE7D46-2592-0AB2-196A-29B73582FC11" /* Path.cpp */,
				"3BE86B3F-2C99-C906-19D9-66C71A99D09E" /* Path.h */,
				"4941B289-4032-21D2-62AD-DFE031A84C66" /* Platform.h */,
				"08CDB559-24F4-0087-3663-13FD5BA31C80" /* Project.cpp */,
				"42393EFF-4298-1877-7C43-FBD00E344207" /* Project.h */,
				"79A616E1-1A0F-DEE1-16B5-9E160C09DAD4" /* Random.cpp */,
				"3DC5C41E-0387-2444-164C-55B36C4D3110" /* Random.h */,
				"0273904D-3B1B-2F52-10CA-CC177833F4CB" /* Solution.cpp */,
				"3CEC1C94-0BE4-3960-4BD5-52847AAAC2D5" /* Solution.h */,
				"2AE8A88F-6319-3E68-67D0-09A34761E5F9" /* String.cpp */,
				"08F420F8-48A7-8A32-2A5B-0E4D0A424E65" /* String.h */,
				"3DA5A9E7-2CDC-A6C5-2573-DC306ECBCD4E" /* u128.cpp */,
				"3FD3B34A-51A0-406F-75AB-5AB26784026A" /* u128.h */,
				"3DE1C6AA-224D-51AC-048C-A42A0EA472A0" /* UUID.cpp */,
				"49C46BA4-21BE-68BF-1840-A0760DF04006" /* UUID.h */,
			);
			name = Sources;
			sourceTree = "<group>";
		};
		"217D08A4-13DC-36EC-68CE-3C301D2DE781" /* kmdlib */ = {
			isa = PBXGroup;
			children = (
				"24764315-75CE-1FE4-4C5F-FACF406A240D" /* FileReader.cpp */,
				"5FBFCCF6-60BD-AD63-37EC-AB8841A8E5D6" /* FileReader.h */,
				"17B4496B-5FC9-24FD-11BC-123572F22ADE" /* Reader.cpp */,
				"25661A7C-06CB-DC1B-23C3-083740ABB950" /* Reader.h */,
				"765F2CED-3B99-E5B3-76F1-BCE83D687B14" /* stb_image.cpp */,
				"297F011C-6A2C-24DC-5994-DD556D3A4C53" /* stb_image.h */,
				"7E738EC7-4BC5-0FAB-4368-88840E9CB462" /* stb_image_write.h */,
			);
			name = kmdlib;
			sourceTree = "<group>";
		};
		"3B693BB2-6945-3358-29FD-3BFC57ABA966" /* lua */ = {
			isa = PBXGroup;
			children = (
				"7171A824-77F1-0CBC-1C54-584B23E637FC" /* lapi.c */,
				"45D19A80-2312-D1CC-5A93-C78722DECBFC" /* lauxlib.c */,
				"1E70D012-10D6-C473-0E3D-C6602193DF9D" /* lbaselib.c */,
				"3A58A0E9-521C-2792-6C54-8FA534C5EBF3" /* lbitlib.c */,
				"3FA00A67-6529-6684-5D78-323031AE367D" /* lcode.c */,
				"374FE4A7-54D0-32DA-7183-E7A942ED8476" /* lcorolib.c */,
				"269E2D88-0800-4C6F-3FFD-345A737F3150" /* lctype.c */,
				"7B45D3D3-29CE-E4BC-327C-407E0E5C7276" /* ldblib.c */,
				"179F2019-594C-40A0-532E-33844F2646F2" /* ldebug.c */,
				"5BEBBD48-1E31-72D9-06E6-6FFB6DC57F38" /* ldo.c */,
				"5EF74C60-41CE-C568-364D-B93757236733" /* ldump.c */,
				"1A100139-5159-6258-0A6F-539B4A141686" /* lfunc.c */,
				"6BD54734-0C03-B08F-3AC8-CBEA3F989D2F" /* lgc.c */,
				"739B1C71-0C64-2A08-6A54-52845D903044" /* linit.c */,
				"292C92AF-1A80-B4DD-3177-2F0E0376D7D2" /* liolib.c */,
				"59649CD2-51BE-5D84-7037-FCE415631351" /* llex.c */,
				"20C8030C-46A3-6CE2-1FA3-0ED7027FD77A" /* lmathlib.c */,
				"30BC96AB-4A63-0977-1F9A-D74D23BBBBB6" /* lmem.c */,
				"1EDA3D36-0185-079C-4C22-9B7F06582E3B" /* loadlib.c */,
				"5C4BB633-6B1A-C50B-3E71-DD1D1EF106FB" /* lobject.c */,
				"683E422A-3EA7-9B21-7946-286438668A0C" /* lopcodes.c */,
				"73D48ACD-17A5-0EFF-1096-6E9C7C6DFEAE" /* loslib.c */,
				"3CDD3977-5EC4-B934-0B33-E1F77AAB1FA0" /* lparser.c */,
				"1DA76DAB-5A0A-0D53-0230-981E7B53735B" /* lstate.c */,
				"20F7C8A4-785B-F5DA-06DB-86BB4F7F7D96" /* lstring.c */,
				"2616205B-2351-8B0A-0ACD-B0E87CB2EF82" /* lstrlib.c */,
				"5CCE5DB8-5C74-0A66-4A18-F0930DEF0B95" /* ltable.c */,
				"6FD7E288-4A64-06E0-6AF9-85AE4C92C23B" /* ltablib.c */,
				"3642682C-7455-32E7-1B90-A1CC46A4B068" /* ltm.c */,
				"5651D7E5-2A76-5349-2515-AE1B2EB9898C" /* lundump.c */,
				"6EA7A86E-1D20-8D98-55C4-7BA051AD483A" /* lvm.c */,
				"3CE7D445-7CC9-17D7-2732-31075BC62E63" /* lzio.c */,
			);
			name = lua;
			sourceTree = "<group>";
		};
		"6ADC7C19-7FDF-382E-2C44-CFFA18A1679D" = {
			isa = PBXGroup;
			children = (
				"580C76B2-606C-0B2E-6312-5FB91A6EDDD3" /* icon.icns */,
				"4F7F11A6-26EE-468B-019E-C5650127AF79" /* Deployment */,
				"03AE839E-49AE-7A43-665A-23F54249694C" /* kake */,
				"7E5468B3-4750-7BCC-0157-824C48989C21" /* Frameworks */,
				"6B9C5352-2B8D-2B92-4ABC-EE95640BADA9" /* Products */,
			);
			sourceTree = "<group>";
		};
		"6B9C5352-2B8D-2B92-4ABC-EE95640BADA9" /* Products */ = {
			isa = PBXGroup;
			children = (
				"4931322F-7996-18C1-503F-B1375EF929CF" /* kake */,
			);
			name = Products;
			sourceTree = "<group>";
		};
		"7E5468B3-4750-7BCC-0157-824C48989C21" /* Frameworks */ = {
			isa = PBXGroup;
			children = (
			);
			name = Frameworks;
			sourceTree = "<group>";
		};
/* End PBXGroup section */

/* Begin PBXNativeTarget section */
		"7E7A985F-007F-3D9C-1B87-68C13C86F91B" /* kake */ = {
			isa = PBXNativeTarget;
			buildConfigurationList = "090FB61C-5EC5-7D5A-7131-726A34108994" /* Build configuration list for PBXNativeTarget "kake" */;
			buildPhases = (
				"33A970E1-157A-2CEE-6433-42934C326C84" /* Sources */,
				"0CEEAA16-2978-227A-2506-FFDE7DA2DB18" /* Frameworks */,
				"5ECF0DA6-2026-C51E-50E3-5D226125181B" /* Resources */,
			);
			buildRules = (
			);
			dependencies = (
			);
			name = kake;
			productName = kake;
			productReference = "4931322F-7996-18C1-503F-B1375EF929CF" /* kake */;
			productType = "com.apple.product-type.tool";
		};
/* End PBXNativeTarget section */

/* Begin PBXProject section */
		"3E64F9B6-064C-4294-0839-46121B4EC2C0" /* Project object */ = {
			isa = PBXProject;
			attributes = {
				LastUpgradeCheck = 0430;
				ORGANIZATIONNAME = "KTX Software Development";
			};
			buildConfigurationList = "60AB9590-2491-5130-1E0B-FD150250993F" /* Build configuration list for PBXProject "kake" */;
			compatibilityVersion = "Xcode 3.2";
			developmentRegion = English;
			hasScannedForEncodings = 0;
			knownRegions = (
				en,
			);
			mainGroup = "6ADC7C19-7FDF-382E-2C44-CFFA18A1679D";
			productRefGroup = "6B9C5352-2B8D-2B92-4ABC-EE95640BADA9" /* Products */;
			projectDirPath = "";
			projectRoot = "";
			targets = (
				"7E7A985F-007F-3D9C-1B87-68C13C86F91B" /* kake */,
			);
		};
/* End PBXProject section */

/* Begin PBXResourcesBuildPhase section */
		"5ECF0DA6-2026-C51E-50E3-5D226125181B" /* Resources */ = {
			isa = PBXResourcesBuildPhase;
			buildActionMask = 2147483647;
			files = (
				"1DD89E13-0342-0911-295F-8B587F13E59C" /* Deployment in Resources */,
				"45F3ACA9-7F57-290C-250D-1FCD1C1BC22E" /* icon.icns in Resources */,
			);
			runOnlyForDeploymentPostprocessing = 0;
		};
/* End PBXResourcesBuildPhase section */

/* Begin PBXSourcesBuildPhase section */
		"33A970E1-157A-2CEE-6433-42934C326C84" /* Sources */ = {
			isa = PBXSourcesBuildPhase;
			buildActionMask = 2147483647;
			files = (
				"6928FEC7-0848-F4C4-6FFD-E021757644DE" /* FileReader.cpp in Sources */,
				"3F32BB05-1C5A-F987-29A3-34C21F05C0FC" /* Reader.cpp in Sources */,
				"4DDCE13F-1A1F-58F2-2B6B-B67D714F2DB6" /* stb_image.cpp in Sources */,
				"6C85BFDE-1153-68A2-695A-F03301A16461" /* lapi.c in Sources */,
				"6C427E77-34C5-3A40-4118-B3371D9004FE" /* lauxlib.c in Sources */,
				"56309742-3FF2-F734-36F1-A3AD7C8DAEC7" /* lbaselib.c in Sources */,
				"63329CFC-57EB-BD1F-3D2D-4EC14DEA7670" /* lbitlib.c in Sources */,
				"7596A5FD-1811-F8BD-1310-11DA3E9994F5" /* lcode.c in Sources */,
				"3ADBB0E9-6E91-685D-6FFB-60C42C1A9B00" /* lcorolib.c in Sources */,
				"749663BF-3AC4-E91D-44D6-B892630811AE" /* lctype.c in Sources */,
				"76CF3EA7-4532-1D4F-6EF4-67470A9900F6" /* ldblib.c in Sources */,
				"61133B46-6073-3C3F-0C6F-03B26E654E45" /* ldebug.c in Sources */,
				"5ACC4E81-433D-211C-6506-C25F7AF711A8" /* ldo.c in Sources */,
				"3224DEC4-7C4D-D326-7425-7545706658B7" /* ldump.c in Sources */,
				"0D6521A7-087B-E316-003C-83F37E2E3614" /* lfunc.c in Sources */,
				"3F06E49D-316A-44A2-5461-3FD017A5BFB6" /* lgc.c in Sources */,
				"13FBE2DE-3BF9-AAF4-38DE-D1BF6453654E" /* linit.c in Sources */,
				"15C0E252-7DEF-04D3-0C6F-876276B02547" /* liolib.c in Sources */,
				"2F64563F-71C3-99FC-2DAB-E21F7471BAE4" /* llex.c in Sources */,
				"56471744-47E4-1FE1-7645-680C5D08217A" /* lmathlib.c in Sources */,
				"267D18B2-22C7-8D19-24FB-E1B43A577528" /* lmem.c in Sources */,
				"5A8CC565-4787-450C-3732-E68A526BE00B" /* loadlib.c in Sources */,
				"667E7488-3108-ECCC-7C5F-EB8F00300CB6" /* lobject.c in Sources */,
				"364B3C78-5816-CD7D-6ED6-D6FB518D9FAE" /* lopcodes.c in Sources */,
				"77692EB6-5F34-F260-1946-643D045062FB" /* loslib.c in Sources */,
				"4C2DC44A-3658-72B0-2F06-DE5221DF05E2" /* lparser.c in Sources */,
				"2D87003A-4A51-09FC-222B-F7544BDAB499" /* lstate.c in Sources */,
				"108F6A0C-3D5C-0DF4-356B-37290C1BF5C1" /* lstring.c in Sources */,
				"7966DAB3-18C0-8FF9-543C-F84525DDA0A7" /* lstrlib.c in Sources */,
				"1E633E21-53B1-E1A4-52CD-B23B70AAC0D7" /* ltable.c in Sources */,
				"3AA48066-4B33-BA90-5A2E-0579102DDB10" /* ltablib.c in Sources */,
				"775B15B0-52B9-9C19-7B5C-4BCA47545153" /* ltm.c in Sources */,
				"7FB5B079-059D-CB43-25EC-12CA1AC955E1" /* lundump.c in Sources */,
				"14BA2451-0FC9-1F50-6D8F-173E0A2AF20E" /* lvm.c in Sources */,
				"0157E31F-44A8-942A-4A12-6749346A0556" /* lzio.c in Sources */,
				"04D8DDBE-3E00-A618-396A-0EAB34C9080C" /* Ball.cpp in Sources */,
				"57AB696E-63D3-44F2-2F31-68713D8DD31A" /* ClCompile.cpp in Sources */,
				"45D57934-455E-F6A1-4AE9-D73E2E4EFC13" /* Exporter.cpp in Sources */,
				"3F897BE0-52E6-1A43-11E8-B22A1F86F954" /* ExporterAndroid.cpp in Sources */,
				"5138CB9C-0230-5E69-661E-65D812A67456" /* ExporterCodeBlocks.cpp in Sources */,
				"3146CD09-5925-C31A-015C-02B46498CCFE" /* ExporterEmscripten.cpp in Sources */,
				"2DB9A5B0-0DF8-68CE-6AD3-8D585AC38A01" /* ExporterTizen.cpp in Sources */,
				"445997AE-6BC8-4E14-13E2-83040EB7BC58" /* ExporterVisualStudio.cpp in Sources */,
				"72EA507F-66AF-1CFB-3599-417F201B55CE" /* ExporterXCode.cpp in Sources */,
				"7A528805-33CA-A71D-55B0-300903A9E1AA" /* Files.cpp in Sources */,
				"66AE400F-501B-8114-3475-95991BE8ED22" /* Image.cpp in Sources */,
				"1A2E916B-110A-87DF-0452-2207765DCCC2" /* main.cpp in Sources */,
				"4E6A985B-2142-568F-3CBA-A702268A4D6C" /* Options.cpp in Sources */,
				"2A82C141-2CA0-B1EC-056C-381C32B8CFC1" /* Path.cpp in Sources */,
				"1C6740A5-495A-70BB-10B9-3EC719E8716A" /* Project.cpp in Sources */,
				"63E09D17-6116-E526-2842-B63562825976" /* Random.cpp in Sources */,
				"371BF832-4DB0-F7BB-4246-F56707825247" /* Solution.cpp in Sources */,
				"588535C1-581B-D0E9-371E-45D5208FE4DA" /* String.cpp in Sources */,
				"27AF38C7-27E3-65C6-33BF-DD02571B4CFA" /* u128.cpp in Sources */,
				"0E341674-40A0-7B15-4A2D-A0792A8198E1" /* UUID.cpp in Sources */,
			);
			runOnlyForDeploymentPostprocessing = 0;
		};
/* End PBXSourcesBuildPhase section */

/* Begin XCBuildConfiguration section */
		"11012B35-4ADE-8280-7346-AE4416E4DFA4" /* Debug */ = {
			isa = XCBuildConfiguration;
			buildSettings = {
				ALWAYS_SEARCH_USER_PATHS = NO;
				ARCHS = "$(ARCHS_STANDARD_64_BIT)";
				COPY_PHASE_STRIP = NO;
				GCC_C_LANGUAGE_STANDARD = gnu99;
				GCC_DYNAMIC_NO_PIC = NO;
				GCC_ENABLE_OBJC_EXCEPTIONS = YES;
				GCC_OPTIMIZATION_LEVEL = 0;
				GCC_PREPROCESSOR_DEFINITIONS = (
					"DEBUG=1",
					SYS_OSX,
					SYS_64BIT,
					"$(inherited)",
				);
				GCC_SYMBOLS_PRIVATE_EXTERN = NO;
				GCC_VERSION = com.apple.compilers.llvm.clang.1_0;
				GCC_WARN_64_TO_32_BIT_CONVERSION = YES;
				GCC_WARN_ABOUT_RETURN_TYPE = YES;
				GCC_WARN_UNINITIALIZED_AUTOS = YES;
				GCC_WARN_UNUSED_VARIABLE = YES;
				MACOSX_DEPLOYMENT_TARGET = 10.5;
				ONLY_ACTIVE_ARCH = YES;
				SDKROOT = macosx;
			};
			name = Debug;
		};
		"19C15693-40ED-0D4D-5C27-7CB74546544A" /* Release */ = {
			isa = XCBuildConfiguration;
			buildSettings = {
				CLANG_CXX_LANGUAGE_STANDARD = "c++0x";
				CLANG_CXX_LIBRARY = "libc++";
				HEADER_SEARCH_PATHS = /Users/robert/Projekte/kake/kmdlib;
				INFOPLIST_FILE = /Users/robert/Projekte/kake/Sources/mac.plist;
				MACOSX_DEPLOYMENT_TARGET = 10.7;
				PRODUCT_NAME = "$(TARGET_NAME)";
				WRAPPER_EXTENSION = app;
			};
			name = Release;
		};
		"2CFBF01B-7E30-0DF1-2DAB-B3874586D563" /* Debug */ = {
			isa = XCBuildConfiguration;
			buildSettings = {
				CLANG_CXX_LANGUAGE_STANDARD = "c++0x";
				CLANG_CXX_LIBRARY = "libc++";
				HEADER_SEARCH_PATHS = /Users/robert/Projekte/kake/kmdlib;
				INFOPLIST_FILE = /Users/robert/Projekte/kake/Sources/mac.plist;
				MACOSX_DEPLOYMENT_TARGET = 10.7;
				PRODUCT_NAME = "$(TARGET_NAME)";
				WRAPPER_EXTENSION = app;
			};
			name = Debug;
		};
		"6A93A020-4C81-7797-7F20-35E837BD350F" /* Release */ = {
			isa = XCBuildConfiguration;
			buildSettings = {
				ALWAYS_SEARCH_USER_PATHS = NO;
				ARCHS = "$(ARCHS_STANDARD_64_BIT)";
				COPY_PHASE_STRIP = YES;
				DEBUG_INFORMATION_FORMAT = "dwarf-with-dsym";
				GCC_C_LANGUAGE_STANDARD = gnu99;
				GCC_ENABLE_OBJC_EXCEPTIONS = YES;
				GCC_PREPROCESSOR_DEFINITIONS = (
					SYS_OSX,
					SYS_64BIT,
					"$(inherited)",
				);
				GCC_VERSION = com.apple.compilers.llvm.clang.1_0;
				GCC_WARN_64_TO_32_BIT_CONVERSION = YES;
				GCC_WARN_ABOUT_RETURN_TYPE = YES;
				GCC_WARN_UNINITIALIZED_AUTOS = YES;
				GCC_WARN_UNUSED_VARIABLE = YES;
				MACOSX_DEPLOYMENT_TARGET = 10.5;
				SDKROOT = macosx;
			};
			name = Release;
		};
/* End XCBuildConfiguration section */

/* Begin XCConfigurationList section */
		"090FB61C-5EC5-7D5A-7131-726A34108994" /* Build configuration list for PBXNativeTarget "kake" */ = {
			isa = XCConfigurationList;
			buildConfigurations = (
				"2CFBF01B-7E30-0DF1-2DAB-B3874586D563" /* Debug */,
				"19C15693-40ED-0D4D-5C27-7CB74546544A" /* Release */,
			);
			defaultConfigurationIsVisible = 0;
			defaultConfigurationName = Release;
		};
		"60AB9590-2491-5130-1E0B-FD150250993F" /* Build configuration list for PBXProject "kake" */ = {
			isa = XCConfigurationList;
			buildConfigurations = (
				"11012B35-4ADE-8280-7346-AE4416E4DFA4" /* Debug */,
				"6A93A020-4C81-7797-7F20-35E837BD350F" /* Release */,
			);
			defaultConfigurationIsVisible = 0;
			defaultConfigurationName = Release;
		};
/* End XCConfigurationList section */
	};
	rootObject = "3E64F9B6-064C-4294-0839-46121B4EC2C0" /* Project object */;
}
